
Microsoft Visual Studio Solution File, Format Version 12.00
# Visual Studio Version 17
VisualStudioVersion = 17.3.32922.545
MinimumVisualStudioVersion = 10.0.40219.1
Project("{FAE04EC0-301F-11D3-BF4B-00C04F79EFBC}") = "OffGridConsole", "OffGridConsole\OffGridConsole.csproj", "{C330CFC0-6497-44AB-ADDB-272E3D24443C}"
EndProject
Global
	GlobalSection(SolutionConfigurationPlatforms) = preSolution
		Debug|Any CPU = Debug|Any CPU
		Release|Any CPU = Release|Any CPU
	EndGlobalSection
	GlobalSection(ProjectConfigurationPlatforms) = postSolution
		{C330CFC0-6497-44AB-ADDB-272E3D24443C}.Debug|Any CPU.ActiveCfg = Debug|Any CPU
		{C330CFC0-6497-44AB-ADDB-272E3D24443C}.Debug|Any CPU.Build.0 = Debug|Any CPU
		{C330CFC0-6497-44AB-ADDB-272E3D24443C}.Release|Any CPU.ActiveCfg = Release|Any CPU
		{C330CFC0-6497-44AB-ADDB-272E3D24443C}.Release|Any CPU.Build.0 = Release|Any CPU
	EndGlobalSection
	GlobalSection(SolutionProperties) = preSolution
		HideSolutionNode = FALSE
	EndGlobalSection
	GlobalSection(ExtensibilityGlobals) = postSolution
		SolutionGuid = {8BC47EF9-9DB7-4959-8E26-F92B84552B48}
	EndGlobalSection
EndGlobal
